<?xml version="1.0" encoding="utf-8"?>
<Project ToolsVersion="4.0" xmlns="http://schemas.microsoft.com/developer/msbuild/2003">
  <ItemGroup>
    <Filter Include="Source Files">
      <UniqueIdentifier>{4FC737F1-C7A5-4376-A066-2A32D752A2FF}</UniqueIdentifier>
      <Extensions>cpp;c;cc;cxx;def;odl;idl;hpj;bat;asm;asmx</Extensions>
    </Filter>
    <Filter Include="Header Files">
      <UniqueIdentifier>{93995380-89BD-4b04-88EB-625FBE52EBFB}</UniqueIdentifier>
      <Extensions>h;hh;hpp;hxx;hm;inl;inc;xsd</Extensions>
    </Filter>
    <Filter Include="Resource Files">
      <UniqueIdentifier>{67DA6AB6-F800-4c08-8B7A-83BB121AAD01}</UniqueIdentifier>
      <Extensions>rc;ico;cur;bmp;dlg;rc2;rct;bin;rgs;gif;jpg;jpeg;jpe;resx;tiff;tif;png;wav;mfcribbon-ms</Extensions>
    </Filter>
  </ItemGroup>
  <ItemGroup>
    <ClCompile Include="Main.cpp">
      <Filter>Source Files</Filter>
    </ClCompile>
    <ClCompile Include="APPTHREADMANAGER.cpp">
      <Filter>Source Files</Filter>
    </ClCompile>
    <ClCompile Include="BufferListManager.cpp">
      <Filter>Source Files</Filter>
    </ClCompile>
    <ClCompile Include="AnalysisCallsTrace.cpp">
      <Filter>Source Files</Filter>
    </ClCompile>
    <ClCompile Include="ImageCollection.cpp">
      <Filter>Source Files</Filter>
    </ClCompile>
    <ClCompile Include="Utils.cpp">
      <Filter>Source Files</Filter>
    </ClCompile>
    <ClCompile Include="WindowsLiveLandsWalker.cpp">
      <Filter>Source Files</Filter>
    </ClCompile>
    <ClCompile Include="MemoryRegistry.cpp">
      <Filter>Source Files</Filter>
    </ClCompile>
    <ClCompile Include="RuntimeHeap.cpp">
      <Filter>Source Files</Filter>
    </ClCompile>
    <ClCompile Include="WindowConfig.cpp">
      <Filter>Source Files</Filter>
    </ClCompile>
    <ClCompile Include="TinyXml2\tinyxml2.cpp">
      <Filter>Source Files</Filter>
    </ClCompile>
    <ClCompile Include="Error.cpp">
      <Filter>Source Files</Filter>
    </ClCompile>
    <ClCompile Include="GlobalState.cpp">
      <Filter>Source Files</Filter>
    </ClCompile>
    <ClCompile Include="PortableApi.cpp">
      <Filter>Source Files</Filter>
    </ClCompile>
    <ClCompile Include="Kernel\DriverLoader.c">
      <Filter>Source Files</Filter>
    </ClCompile>
    <ClCompile Include="ProcessorIdentification.cpp">
      <Filter>Source Files</Filter>
    </ClCompile>
    <ClCompile Include="Interceptor.cpp">
      <Filter>Source Files</Filter>
    </ClCompile>
    <ClCompile Include="InterceptorMemoryManager.cpp">
      <Filter>Source Files</Filter>
    </ClCompile>
    <ClCompile Include="InterceptorInfo.cpp">
      <Filter>Source Files</Filter>
    </ClCompile>
    <ClCompile Include="Tuner.cpp">
      <Filter>Source Files</Filter>
    </ClCompile>
  </ItemGroup>
  <ItemGroup>
    <ClInclude Include="AppThreadManager.h">
      <Filter>Header Files</Filter>
    </ClInclude>
    <ClInclude Include="BufferListManager.h">
      <Filter>Header Files</Filter>
    </ClInclude>
    <ClInclude Include="GlobalState.h">
      <Filter>Header Files</Filter>
    </ClInclude>
    <ClInclude Include="LocalState.h">
      <Filter>Header Files</Filter>
    </ClInclude>
    <ClInclude Include="AnalysisCallsTrace.h">
      <Filter>Header Files</Filter>
    </ClInclude>
    <ClInclude Include="ImageCollection.h">
      <Filter>Header Files</Filter>
    </ClInclude>
    <ClInclude Include="Utils.h">
      <Filter>Header Files</Filter>
    </ClInclude>
    <ClInclude Include="WindowsLiveLandsWalker.h">
      <Filter>Header Files</Filter>
    </ClInclude>
    <ClInclude Include="MemoryRegistry.h">
      <Filter>Header Files</Filter>
    </ClInclude>
    <ClInclude Include="WindowConfig.h">
      <Filter>Header Files</Filter>
    </ClInclude>
    <ClInclude Include="resource.h">
      <Filter>Header Files</Filter>
    </ClInclude>
    <ClInclude Include="TinyXml2\tinyxml2.h">
      <Filter>Header Files</Filter>
    </ClInclude>
    <ClInclude Include="Error.h">
      <Filter>Header Files</Filter>
    </ClInclude>
    <ClInclude Include="PortableApi.h">
      <Filter>Header Files</Filter>
    </ClInclude>
    <ClInclude Include="Kernel\AlleriaDriverInterface.h">
      <Filter>Header Files</Filter>
    </ClInclude>
    <ClInclude Include="BinaryProfile.h">
      <Filter>Header Files</Filter>
    </ClInclude>
    <ClInclude Include="BufferTypes.h">
      <Filter>Header Files</Filter>
    </ClInclude>
    <ClInclude Include="Interceptor.h">
      <Filter>Header Files</Filter>
    </ClInclude>
    <ClInclude Include="InterceptorMemoryManager.h">
      <Filter>Header Files</Filter>
    </ClInclude>
    <ClInclude Include="InterceptorInfo.h">
      <Filter>Header Files</Filter>
    </ClInclude>
    <ClInclude Include="Tuner.h">
      <Filter>Header Files</Filter>
    </ClInclude>
  </ItemGroup>
  <ItemGroup>
    <ResourceCompile Include="AlleriaPintool.rc">
      <Filter>Resource Files</Filter>
    </ResourceCompile>
  </ItemGroup>
  <ItemGroup>
    <None Include="PinPropertySheetx64.props" />
    <None Include="PinPropertySheetx86.props" />
  </ItemGroup>
</Project>